
Microsoft Visual Studio Solution File, Format Version 12.00
# Visual Studio Version 16
VisualStudioVersion = 16.0.29001.49
MinimumVisualStudioVersion = 10.0.40219.1
Project("{FAE04EC0-301F-11D3-BF4B-00C04F79EFBC}") = "ZwypConvertCS1.UWP", "ZwypConvertCS1\ZwypConvertCS1.UWP\ZwypConvertCS1.UWP.csproj", "{E5D240D3-5747-4327-8F58-D64FBB7C060B}"
EndProject
Project("{FAE04EC0-301F-11D3-BF4B-00C04F79EFBC}") = "ZwypConvertCS1.Android", "ZwypConvertCS1\ZwypConvertCS1.Android\ZwypConvertCS1.Android.csproj", "{4C9A9D22-52B9-4D4B-8C1B-DF6558906C21}"
EndProject
Project("{FAE04EC0-301F-11D3-BF4B-00C04F79EFBC}") = "ZwypConvertCS1.iOS", "ZwypConvertCS1\ZwypConvertCS1.iOS\ZwypConvertCS1.iOS.csproj", "{4FFC9759-152E-4A76-B5C1-B8F39FE0F31D}"
EndProject
Project("{9A19103F-16F7-4668-BE54-9A1E7A4F7556}") = "ZwypConvertCS1", "ZwypConvertCS1\ZwypConvertCS1\ZwypConvertCS1.csproj", "{91DEDEA8-2233-41C2-BA13-839CDCD17BB1}"
EndProject
Project("{FAE04EC0-301F-11D3-BF4B-00C04F79EFBC}") = "KonVertObjs", "..\KonVertObjs\KonVertObjs\KonVertObjs.csproj", "{86C44243-A986-4047-8AAC-6EC799144406}"
EndProject
Global
	GlobalSection(SolutionConfigurationPlatforms) = preSolution
		Debug|Any CPU = Debug|Any CPU
		Debug|ARM = Debug|ARM
		Debug|iPhone = Debug|iPhone
		Debug|iPhoneSimulator = Debug|iPhoneSimulator
		Debug|x64 = Debug|x64
		Debug|x86 = Debug|x86
		Release|Any CPU = Release|Any CPU
		Release|ARM = Release|ARM
		Release|iPhone = Release|iPhone
		Release|iPhoneSimulator = Release|iPhoneSimulator
		Release|x64 = Release|x64
		Release|x86 = Release|x86
	EndGlobalSection
	GlobalSection(ProjectConfigurationPlatforms) = postSolution
		{E5D240D3-5747-4327-8F58-D64FBB7C060B}.Debug|Any CPU.ActiveCfg = Debug|x86
		{E5D240D3-5747-4327-8F58-D64FBB7C060B}.Debug|ARM.ActiveCfg = Debug|ARM
		{E5D240D3-5747-4327-8F58-D64FBB7C060B}.Debug|ARM.Build.0 = Debug|ARM
		{E5D240D3-5747-4327-8F58-D64FBB7C060B}.Debug|ARM.Deploy.0 = Debug|ARM
		{E5D240D3-5747-4327-8F58-D64FBB7C060B}.Debug|iPhone.ActiveCfg = Debug|x86
		{E5D240D3-5747-4327-8F58-D64FBB7C060B}.Debug|iPhone.Build.0 = Debug|x86
		{E5D240D3-5747-4327-8F58-D64FBB7C060B}.Debug|iPhone.Deploy.0 = Debug|x86
		{E5D240D3-5747-4327-8F58-D64FBB7C060B}.Debug|iPhoneSimulator.ActiveCfg = Debug|x86
		{E5D240D3-5747-4327-8F58-D64FBB7C060B}.Debug|iPhoneSimulator.Build.0 = Debug|x86
		{E5D240D3-5747-4327-8F58-D64FBB7C060B}.Debug|iPhoneSimulator.Deploy.0 = Debug|x86
		{E5D240D3-5747-4327-8F58-D64FBB7C060B}.Debug|x64.ActiveCfg = Debug|x64
		{E5D240D3-5747-4327-8F58-D64FBB7C060B}.Debug|x64.Build.0 = Debug|x64
		{E5D240D3-5747-4327-8F58-D64FBB7C060B}.Debug|x64.Deploy.0 = Debug|x64
		{E5D240D3-5747-4327-8F58-D64FBB7C060B}.Debug|x86.ActiveCfg = Debug|x86
		{E5D240D3-5747-4327-8F58-D64FBB7C060B}.Debug|x86.Build.0 = Debug|x86
		{E5D240D3-5747-4327-8F58-D64FBB7C060B}.Debug|x86.Deploy.0 = Debug|x86
		{E5D240D3-5747-4327-8F58-D64FBB7C060B}.Release|Any CPU.ActiveCfg = Release|x86
		{E5D240D3-5747-4327-8F58-D64FBB7C060B}.Release|Any CPU.Build.0 = Release|x86
		{E5D240D3-5747-4327-8F58-D64FBB7C060B}.Release|Any CPU.Deploy.0 = Release|x86
		{E5D240D3-5747-4327-8F58-D64FBB7C060B}.Release|ARM.ActiveCfg = Release|ARM
		{E5D240D3-5747-4327-8F58-D64FBB7C060B}.Release|ARM.Build.0 = Release|ARM
		{E5D240D3-5747-4327-8F58-D64FBB7C060B}.Release|ARM.Deploy.0 = Release|ARM
		{E5D240D3-5747-4327-8F58-D64FBB7C060B}.Release|iPhone.ActiveCfg = Release|x86
		{E5D240D3-5747-4327-8F58-D64FBB7C060B}.Release|iPhone.Build.0 = Release|x86
		{E5D240D3-5747-4327-8F58-D64FBB7C060B}.Release|iPhone.Deploy.0 = Release|x86
		{E5D240D3-5747-4327-8F58-D64FBB7C060B}.Release|iPhoneSimulator.ActiveCfg = Release|x86
		{E5D240D3-5747-4327-8F58-D64FBB7C060B}.Release|iPhoneSimulator.Build.0 = Release|x86
		{E5D240D3-5747-4327-8F58-D64FBB7C060B}.Release|iPhoneSimulator.Deploy.0 = Release|x86
		{E5D240D3-5747-4327-8F58-D64FBB7C060B}.Release|x64.ActiveCfg = Release|x64
		{E5D240D3-5747-4327-8F58-D64FBB7C060B}.Release|x64.Build.0 = Release|x64
		{E5D240D3-5747-4327-8F58-D64FBB7C060B}.Release|x64.Deploy.0 = Release|x64
		{E5D240D3-5747-4327-8F58-D64FBB7C060B}.Release|x86.ActiveCfg = Release|x86
		{E5D240D3-5747-4327-8F58-D64FBB7C060B}.Release|x86.Build.0 = Release|x86
		{E5D240D3-5747-4327-8F58-D64FBB7C060B}.Release|x86.Deploy.0 = Release|x86
		{4C9A9D22-52B9-4D4B-8C1B-DF6558906C21}.Debug|Any CPU.ActiveCfg = Debug|Any CPU
		{4C9A9D22-52B9-4D4B-8C1B-DF6558906C21}.Debug|Any CPU.Build.0 = Debug|Any CPU
		{4C9A9D22-52B9-4D4B-8C1B-DF6558906C21}.Debug|Any CPU.Deploy.0 = Debug|Any CPU
		{4C9A9D22-52B9-4D4B-8C1B-DF6558906C21}.Debug|ARM.ActiveCfg = Debug|Any CPU
		{4C9A9D22-52B9-4D4B-8C1B-DF6558906C21}.Debug|ARM.Build.0 = Debug|Any CPU
		{4C9A9D22-52B9-4D4B-8C1B-DF6558906C21}.Debug|ARM.Deploy.0 = Debug|Any CPU
		{4C9A9D22-52B9-4D4B-8C1B-DF6558906C21}.Debug|iPhone.ActiveCfg = Debug|Any CPU
		{4C9A9D22-52B9-4D4B-8C1B-DF6558906C21}.Debug|iPhone.Build.0 = Debug|Any CPU
		{4C9A9D22-52B9-4D4B-8C1B-DF6558906C21}.Debug|iPhone.Deploy.0 = Debug|Any CPU
		{4C9A9D22-52B9-4D4B-8C1B-DF6558906C21}.Debug|iPhoneSimulator.ActiveCfg = Debug|Any CPU
		{4C9A9D22-52B9-4D4B-8C1B-DF6558906C21}.Debug|iPhoneSimulator.Build.0 = Debug|Any CPU
		{4C9A9D22-52B9-4D4B-8C1B-DF6558906C21}.Debug|iPhoneSimulator.Deploy.0 = Debug|Any CPU
		{4C9A9D22-52B9-4D4B-8C1B-DF6558906C21}.Debug|x64.ActiveCfg = Debug|Any CPU
		{4C9A9D22-52B9-4D4B-8C1B-DF6558906C21}.Debug|x64.Build.0 = Debug|Any CPU
		{4C9A9D22-52B9-4D4B-8C1B-DF6558906C21}.Debug|x64.Deploy.0 = Debug|Any CPU
		{4C9A9D22-52B9-4D4B-8C1B-DF6558906C21}.Debug|x86.ActiveCfg = Debug|Any CPU
		{4C9A9D22-52B9-4D4B-8C1B-DF6558906C21}.Debug|x86.Build.0 = Debug|Any CPU
		{4C9A9D22-52B9-4D4B-8C1B-DF6558906C21}.Debug|x86.Deploy.0 = Debug|Any CPU
		{4C9A9D22-52B9-4D4B-8C1B-DF6558906C21}.Release|Any CPU.ActiveCfg = Release|Any CPU
		{4C9A9D22-52B9-4D4B-8C1B-DF6558906C21}.Release|Any CPU.Build.0 = Release|Any CPU
		{4C9A9D22-52B9-4D4B-8C1B-DF6558906C21}.Release|Any CPU.Deploy.0 = Release|Any CPU
		{4C9A9D22-52B9-4D4B-8C1B-DF6558906C21}.Release|ARM.ActiveCfg = Release|Any CPU
		{4C9A9D22-52B9-4D4B-8C1B-DF6558906C21}.Release|ARM.Build.0 = Release|Any CPU
		{4C9A9D22-52B9-4D4B-8C1B-DF6558906C21}.Release|ARM.Deploy.0 = Release|Any CPU
		{4C9A9D22-52B9-4D4B-8C1B-DF6558906C21}.Release|iPhone.ActiveCfg = Release|Any CPU
		{4C9A9D22-52B9-4D4B-8C1B-DF6558906C21}.Release|iPhone.Build.0 = Release|Any CPU
		{4C9A9D22-52B9-4D4B-8C1B-DF6558906C21}.Release|iPhone.Deploy.0 = Release|Any CPU
		{4C9A9D22-52B9-4D4B-8C1B-DF6558906C21}.Release|iPhoneSimulator.ActiveCfg = Release|Any CPU
		{4C9A9D22-52B9-4D4B-8C1B-DF6558906C21}.Release|iPhoneSimulator.Build.0 = Release|Any CPU
		{4C9A9D22-52B9-4D4B-8C1B-DF6558906C21}.Release|iPhoneSimulator.Deploy.0 = Release|Any CPU
		{4C9A9D22-52B9-4D4B-8C1B-DF6558906C21}.Release|x64.ActiveCfg = Release|Any CPU
		{4C9A9D22-52B9-4D4B-8C1B-DF6558906C21}.Release|x64.Build.0 = Release|Any CPU
		{4C9A9D22-52B9-4D4B-8C1B-DF6558906C21}.Release|x64.Deploy.0 = Release|Any CPU
		{4C9A9D22-52B9-4D4B-8C1B-DF6558906C21}.Release|x86.ActiveCfg = Release|Any CPU
		{4C9A9D22-52B9-4D4B-8C1B-DF6558906C21}.Release|x86.Build.0 = Release|Any CPU
		{4C9A9D22-52B9-4D4B-8C1B-DF6558906C21}.Release|x86.Deploy.0 = Release|Any CPU
		{4FFC9759-152E-4A76-B5C1-B8F39FE0F31D}.Debug|Any CPU.ActiveCfg = Debug|iPhone
		{4FFC9759-152E-4A76-B5C1-B8F39FE0F31D}.Debug|Any CPU.Deploy.0 = Debug|iPhone
		{4FFC9759-152E-4A76-B5C1-B8F39FE0F31D}.Debug|ARM.ActiveCfg = Debug|iPhoneSimulator
		{4FFC9759-152E-4A76-B5C1-B8F39FE0F31D}.Debug|ARM.Build.0 = Debug|iPhoneSimulator
		{4FFC9759-152E-4A76-B5C1-B8F39FE0F31D}.Debug|ARM.Deploy.0 = Debug|iPhoneSimulator
		{4FFC9759-152E-4A76-B5C1-B8F39FE0F31D}.Debug|iPhone.ActiveCfg = Debug|iPhone
		{4FFC9759-152E-4A76-B5C1-B8F39FE0F31D}.Debug|iPhone.Build.0 = Debug|iPhone
		{4FFC9759-152E-4A76-B5C1-B8F39FE0F31D}.Debug|iPhone.Deploy.0 = Debug|iPhone
		{4FFC9759-152E-4A76-B5C1-B8F39FE0F31D}.Debug|iPhoneSimulator.ActiveCfg = Debug|iPhoneSimulator
		{4FFC9759-152E-4A76-B5C1-B8F39FE0F31D}.Debug|iPhoneSimulator.Build.0 = Debug|iPhoneSimulator
		{4FFC9759-152E-4A76-B5C1-B8F39FE0F31D}.Debug|iPhoneSimulator.Deploy.0 = Debug|iPhoneSimulator
		{4FFC9759-152E-4A76-B5C1-B8F39FE0F31D}.Debug|x64.ActiveCfg = Debug|iPhone
		{4FFC9759-152E-4A76-B5C1-B8F39FE0F31D}.Debug|x64.Build.0 = Debug|iPhone
		{4FFC9759-152E-4A76-B5C1-B8F39FE0F31D}.Debug|x64.Deploy.0 = Debug|iPhone
		{4FFC9759-152E-4A76-B5C1-B8F39FE0F31D}.Debug|x86.ActiveCfg = Debug|iPhone
		{4FFC9759-152E-4A76-B5C1-B8F39FE0F31D}.Debug|x86.Build.0 = Debug|iPhone
		{4FFC9759-152E-4A76-B5C1-B8F39FE0F31D}.Debug|x86.Deploy.0 = Debug|iPhone
		{4FFC9759-152E-4A76-B5C1-B8F39FE0F31D}.Release|Any CPU.ActiveCfg = Release|iPhone
		{4FFC9759-152E-4A76-B5C1-B8F39FE0F31D}.Release|Any CPU.Build.0 = Release|iPhone
		{4FFC9759-152E-4A76-B5C1-B8F39FE0F31D}.Release|Any CPU.Deploy.0 = Release|iPhone
		{4FFC9759-152E-4A76-B5C1-B8F39FE0F31D}.Release|ARM.ActiveCfg = Release|iPhone
		{4FFC9759-152E-4A76-B5C1-B8F39FE0F31D}.Release|ARM.Build.0 = Release|iPhone
		{4FFC9759-152E-4A76-B5C1-B8F39FE0F31D}.Release|ARM.Deploy.0 = Release|iPhone
		{4FFC9759-152E-4A76-B5C1-B8F39FE0F31D}.Release|iPhone.ActiveCfg = Release|iPhone
		{4FFC9759-152E-4A76-B5C1-B8F39FE0F31D}.Release|iPhone.Build.0 = Release|iPhone
		{4FFC9759-152E-4A76-B5C1-B8F39FE0F31D}.Release|iPhone.Deploy.0 = Release|iPhone
		{4FFC9759-152E-4A76-B5C1-B8F39FE0F31D}.Release|iPhoneSimulator.ActiveCfg = Release|iPhoneSimulator
		{4FFC9759-152E-4A76-B5C1-B8F39FE0F31D}.Release|iPhoneSimulator.Build.0 = Release|iPhoneSimulator
		{4FFC9759-152E-4A76-B5C1-B8F39FE0F31D}.Release|iPhoneSimulator.Deploy.0 = Release|iPhoneSimulator
		{4FFC9759-152E-4A76-B5C1-B8F39FE0F31D}.Release|x64.ActiveCfg = Release|iPhone
		{4FFC9759-152E-4A76-B5C1-B8F39FE0F31D}.Release|x64.Build.0 = Release|iPhone
		{4FFC9759-152E-4A76-B5C1-B8F39FE0F31D}.Release|x64.Deploy.0 = Release|iPhone
		{4FFC9759-152E-4A76-B5C1-B8F39FE0F31D}.Release|x86.ActiveCfg = Release|iPhone
		{4FFC9759-152E-4A76-B5C1-B8F39FE0F31D}.Release|x86.Build.0 = Release|iPhone
		{4FFC9759-152E-4A76-B5C1-B8F39FE0F31D}.Release|x86.Deploy.0 = Release|iPhone
		{91DEDEA8-2233-41C2-BA13-839CDCD17BB1}.Debug|Any CPU.ActiveCfg = Debug|Any CPU
		{91DEDEA8-2233-41C2-BA13-839CDCD17BB1}.Debug|Any CPU.Build.0 = Debug|Any CPU
		{91DEDEA8-2233-41C2-BA13-839CDCD17BB1}.Debug|Any CPU.Deploy.0 = Debug|Any CPU
		{91DEDEA8-2233-41C2-BA13-839CDCD17BB1}.Debug|ARM.ActiveCfg = Debug|Any CPU
		{91DEDEA8-2233-41C2-BA13-839CDCD17BB1}.Debug|ARM.Build.0 = Debug|Any CPU
		{91DEDEA8-2233-41C2-BA13-839CDCD17BB1}.Debug|ARM.Deploy.0 = Debug|Any CPU
		{91DEDEA8-2233-41C2-BA13-839CDCD17BB1}.Debug|iPhone.ActiveCfg = Debug|Any CPU
		{91DEDEA8-2233-41C2-BA13-839CDCD17BB1}.Debug|iPhone.Build.0 = Debug|Any CPU
		{91DEDEA8-2233-41C2-BA13-839CDCD17BB1}.Debug|iPhone.Deploy.0 = Debug|Any CPU
		{91DEDEA8-2233-41C2-BA13-839CDCD17BB1}.Debug|iPhoneSimulator.ActiveCfg = Debug|Any CPU
		{91DEDEA8-2233-41C2-BA13-839CDCD17BB1}.Debug|iPhoneSimulator.Build.0 = Debug|Any CPU
		{91DEDEA8-2233-41C2-BA13-839CDCD17BB1}.Debug|iPhoneSimulator.Deploy.0 = Debug|Any CPU
		{91DEDEA8-2233-41C2-BA13-839CDCD17BB1}.Debug|x64.ActiveCfg = Debug|Any CPU
		{91DEDEA8-2233-41C2-BA13-839CDCD17BB1}.Debug|x64.Build.0 = Debug|Any CPU
		{91DEDEA8-2233-41C2-BA13-839CDCD17BB1}.Debug|x64.Deploy.0 = Debug|Any CPU
		{91DEDEA8-2233-41C2-BA13-839CDCD17BB1}.Debug|x86.ActiveCfg = Debug|Any CPU
		{91DEDEA8-2233-41C2-BA13-839CDCD17BB1}.Debug|x86.Build.0 = Debug|Any CPU
		{91DEDEA8-2233-41C2-BA13-839CDCD17BB1}.Debug|x86.Deploy.0 = Debug|Any CPU
		{91DEDEA8-2233-41C2-BA13-839CDCD17BB1}.Release|Any CPU.ActiveCfg = Release|Any CPU
		{91DEDEA8-2233-41C2-BA13-839CDCD17BB1}.Release|Any CPU.Build.0 = Release|Any CPU
		{91DEDEA8-2233-41C2-BA13-839CDCD17BB1}.Release|Any CPU.Deploy.0 = Release|Any CPU
		{91DEDEA8-2233-41C2-BA13-839CDCD17BB1}.Release|ARM.ActiveCfg = Release|Any CPU
		{91DEDEA8-2233-41C2-BA13-839CDCD17BB1}.Release|ARM.Build.0 = Release|Any CPU
		{91DEDEA8-2233-41C2-BA13-839CDCD17BB1}.Release|ARM.Deploy.0 = Release|Any CPU
		{91DEDEA8-2233-41C2-BA13-839CDCD17BB1}.Release|iPhone.ActiveCfg = Release|Any CPU
		{91DEDEA8-2233-41C2-BA13-839CDCD17BB1}.Release|iPhone.Build.0 = Release|Any CPU
		{91DEDEA8-2233-41C2-BA13-839CDCD17BB1}.Release|iPhone.Deploy.0 = Release|Any CPU
		{91DEDEA8-2233-41C2-BA13-839CDCD17BB1}.Release|iPhoneSimulator.ActiveCfg = Release|Any CPU
		{91DEDEA8-2233-41C2-BA13-839CDCD17BB1}.Release|iPhoneSimulator.Build.0 = Release|Any CPU
		{91DEDEA8-2233-41C2-BA13-839CDCD17BB1}.Release|iPhoneSimulator.Deploy.0 = Release|Any CPU
		{91DEDEA8-2233-41C2-BA13-839CDCD17BB1}.Release|x64.ActiveCfg = Release|Any CPU
		{91DEDEA8-2233-41C2-BA13-839CDCD17BB1}.Release|x64.Build.0 = Release|Any CPU
		{91DEDEA8-2233-41C2-BA13-839CDCD17BB1}.Release|x64.Deploy.0 = Release|Any CPU
		{91DEDEA8-2233-41C2-BA13-839CDCD17BB1}.Release|x86.ActiveCfg = Release|Any CPU
		{91DEDEA8-2233-41C2-BA13-839CDCD17BB1}.Release|x86.Build.0 = Release|Any CPU
		{91DEDEA8-2233-41C2-BA13-839CDCD17BB1}.Release|x86.Deploy.0 = Release|Any CPU
		{86C44243-A986-4047-8AAC-6EC799144406}.Debug|Any CPU.ActiveCfg = Debug|Any CPU
		{86C44243-A986-4047-8AAC-6EC799144406}.Debug|Any CPU.Build.0 = Debug|Any CPU
		{86C44243-A986-4047-8AAC-6EC799144406}.Debug|ARM.ActiveCfg = Debug|Any CPU
		{86C44243-A986-4047-8AAC-6EC799144406}.Debug|ARM.Build.0 = Debug|Any CPU
		{86C44243-A986-4047-8AAC-6EC799144406}.Debug|iPhone.ActiveCfg = Debug|Any CPU
		{86C44243-A986-4047-8AAC-6EC799144406}.Debug|iPhone.Build.0 = Debug|Any CPU
		{86C44243-A986-4047-8AAC-6EC799144406}.Debug|iPhoneSimulator.ActiveCfg = Debug|Any CPU
		{86C44243-A986-4047-8AAC-6EC799144406}.Debug|iPhoneSimulator.Build.0 = Debug|Any CPU
		{86C44243-A986-4047-8AAC-6EC799144406}.Debug|x64.ActiveCfg = Debug|Any CPU
		{86C44243-A986-4047-8AAC-6EC799144406}.Debug|x64.Build.0 = Debug|Any CPU
		{86C44243-A986-4047-8AAC-6EC799144406}.Debug|x86.ActiveCfg = Debug|Any CPU
		{86C44243-A986-4047-8AAC-6EC799144406}.Debug|x86.Build.0 = Debug|Any CPU
		{86C44243-A986-4047-8AAC-6EC799144406}.Release|Any CPU.ActiveCfg = Release|Any CPU
		{86C44243-A986-4047-8AAC-6EC799144406}.Release|Any CPU.Build.0 = Release|Any CPU
		{86C44243-A986-4047-8AAC-6EC799144406}.Release|ARM.ActiveCfg = Release|Any CPU
		{86C44243-A986-4047-8AAC-6EC799144406}.Release|ARM.Build.0 = Release|Any CPU
		{86C44243-A986-4047-8AAC-6EC799144406}.Release|iPhone.ActiveCfg = Release|Any CPU
		{86C44243-A986-4047-8AAC-6EC799144406}.Release|iPhone.Build.0 = Release|Any CPU
		{86C44243-A986-4047-8AAC-6EC799144406}.Release|iPhoneSimulator.ActiveCfg = Release|Any CPU
		{86C44243-A986-4047-8AAC-6EC799144406}.Release|iPhoneSimulator.Build.0 = Release|Any CPU
		{86C44243-A986-4047-8AAC-6EC799144406}.Release|x64.ActiveCfg = Release|Any CPU
		{86C44243-A986-4047-8AAC-6EC799144406}.Release|x64.Build.0 = Release|Any CPU
		{86C44243-A986-4047-8AAC-6EC799144406}.Release|x86.ActiveCfg = Release|Any CPU
		{86C44243-A986-4047-8AAC-6EC799144406}.Release|x86.Build.0 = Release|Any CPU
	EndGlobalSection
	GlobalSection(SolutionProperties) = preSolution
		HideSolutionNode = FALSE
	EndGlobalSection
	GlobalSection(ExtensibilityGlobals) = postSolution
		SolutionGuid = {BCDC5A56-DF24-4F48-9FBE-7105F799F404}
	EndGlobalSection
EndGlobal
